
Microsoft Visual Studio Solution File, Format Version 12.00
# Visual Studio Version 17
VisualStudioVersion = 17.0.32112.339
MinimumVisualStudioVersion = 10.0.40219.1
Project("{2150E333-8FDC-42A3-9474-1A3956D46DE8}") = "По книге", "По книге", "{51703E67-0B69-4634-9A4F-B191976FCD17}"
EndProject
Project("{8BC9CEB8-8B4A-11D0-8D11-00A0C91BC942}") = "1. Wellcome to C++", "Wellcome to C++\Wellcome to C++.vcxproj", "{4FD9E1AA-88AC-4B51-AC07-84E473D838BA}"
EndProject
Project("{8BC9CEB8-8B4A-11D0-8D11-00A0C91BC942}") = "2. Сложение целых чисел", "Сложение целых чисел\Сложение целых чисел.vcxproj", "{9E790FCF-3B84-4133-9CE2-6FF94E112E16}"
EndProject
Project("{8BC9CEB8-8B4A-11D0-8D11-00A0C91BC942}") = "3. Сравнивание целых чисел с помощью оператора if", "Сравнивание целых чисел с помощью оператора if\Сравнивание целых чисел с помощью оператора if.vcxproj", "{6FC21A53-0169-4988-ABBB-BAE3227CA247}"
EndProject
Project("{2150E333-8FDC-42A3-9474-1A3956D46DE8}") = "GradeBook", "GradeBook", "{A04D63FB-0C26-496C-8A20-C4849DBEFE5F}"
EndProject
Project("{8BC9CEB8-8B4A-11D0-8D11-00A0C91BC942}") = "GradeBook", "GradeBook\GradeBook.vcxproj", "{7385CD24-3FD2-4A8A-8E0B-33DB251C224A}"
EndProject
Project("{8BC9CEB8-8B4A-11D0-8D11-00A0C91BC942}") = "ATM", "ATM\ATM.vcxproj", "{4A457081-A894-4525-84AF-DBB80919097B}"
EndProject
Project("{2150E333-8FDC-42A3-9474-1A3956D46DE8}") = "Упражнения на написание программ", "Упражнения на написание программ", "{FBA625AA-128F-42A4-BEAC-A6DF4079272B}"
EndProject
Project("{2150E333-8FDC-42A3-9474-1A3956D46DE8}") = "Глава 5", "Глава 5", "{DB7726B0-7EAD-4D94-87D5-128D4B1BA490}"
EndProject
Project("{8BC9CEB8-8B4A-11D0-8D11-00A0C91BC942}") = "5.5", "5.5\5.5.vcxproj", "{CDA33D97-2FC5-4929-A24F-BA0024D94953}"
EndProject
Project("{8BC9CEB8-8B4A-11D0-8D11-00A0C91BC942}") = "5.6", "5.6\5.6.vcxproj", "{B63B1359-0E4F-4F90-A575-AACFD0CAEA73}"
EndProject
Project("{8BC9CEB8-8B4A-11D0-8D11-00A0C91BC942}") = "5.8", "5.8\5.8.vcxproj", "{1EF8267E-DD6F-446F-8953-0B9245070653}"
EndProject
Project("{8BC9CEB8-8B4A-11D0-8D11-00A0C91BC942}") = "5.9", "5.9\5.9.vcxproj", "{66BF882D-4490-4D10-8987-4D3E44615272}"
EndProject
Project("{8BC9CEB8-8B4A-11D0-8D11-00A0C91BC942}") = "5.10", "5.10\5.10.vcxproj", "{B8CC0998-41DB-4CB1-A9C9-3BCFB755D3E1}"
EndProject
Project("{8BC9CEB8-8B4A-11D0-8D11-00A0C91BC942}") = "5.11", "5.11\5.11.vcxproj", "{85AED38A-1D91-485F-B7EC-53D476B81874}"
EndProject
Project("{8BC9CEB8-8B4A-11D0-8D11-00A0C91BC942}") = "MaximumOverload", "MaximumOverload\MaximumOverload.vcxproj", "{60810B0B-1D70-45EE-A93C-CE23F96F6ABC}"
EndProject
Project("{2150E333-8FDC-42A3-9474-1A3956D46DE8}") = "Глава 6", "Глава 6", "{77BB6CD8-D869-4B1E-AFEE-A68459706E7A}"
EndProject
Project("{8BC9CEB8-8B4A-11D0-8D11-00A0C91BC942}") = "6.3-6.4", "6.3\6.3.vcxproj", "{7E4623CD-E6CE-44C4-9F8B-A95AA285AEA6}"
EndProject
Project("{2150E333-8FDC-42A3-9474-1A3956D46DE8}") = "Глава 7", "Глава 7", "{811B06B0-92E3-4E1F-86A3-300FE684E675}"
EndProject
Project("{8BC9CEB8-8B4A-11D0-8D11-00A0C91BC942}") = "7.3", "7.3\7.3.vcxproj", "{BA148E64-74C5-40D3-B7B7-110D7720DAB7}"
EndProject
Project("{8BC9CEB8-8B4A-11D0-8D11-00A0C91BC942}") = "7.11", "7.11\7.11.vcxproj", "{EB41A34D-3731-49A5-9C50-25ECEFF74C8F}"
EndProject
Project("{8BC9CEB8-8B4A-11D0-8D11-00A0C91BC942}") = "7.26", "7.26\7.26.vcxproj", "{9A003439-2362-46D8-B628-8F67439AE8DA}"
EndProject
Project("{8BC9CEB8-8B4A-11D0-8D11-00A0C91BC942}") = "7.1", "7.1\7.1.vcxproj", "{99BA3662-ABD4-460B-BBAE-DD70C7E5943A}"
EndProject
Project("{2150E333-8FDC-42A3-9474-1A3956D46DE8}") = "Глава 9", "Глава 9", "{513F43A9-DEA5-4246-83BC-5C285B96773F}"
EndProject
Project("{8BC9CEB8-8B4A-11D0-8D11-00A0C91BC942}") = "ClassComplex", "ClassComplex\ClassComplex.vcxproj", "{943BAE7E-130C-4DB0-AC27-69BB4D8A0C91}"
EndProject
Global
	GlobalSection(SolutionConfigurationPlatforms) = preSolution
		Debug|x64 = Debug|x64
		Debug|x86 = Debug|x86
		Release|x64 = Release|x64
		Release|x86 = Release|x86
	EndGlobalSection
	GlobalSection(ProjectConfigurationPlatforms) = postSolution
		{4FD9E1AA-88AC-4B51-AC07-84E473D838BA}.Debug|x64.ActiveCfg = Debug|x64
		{4FD9E1AA-88AC-4B51-AC07-84E473D838BA}.Debug|x64.Build.0 = Debug|x64
		{4FD9E1AA-88AC-4B51-AC07-84E473D838BA}.Debug|x86.ActiveCfg = Debug|Win32
		{4FD9E1AA-88AC-4B51-AC07-84E473D838BA}.Debug|x86.Build.0 = Debug|Win32
		{4FD9E1AA-88AC-4B51-AC07-84E473D838BA}.Release|x64.ActiveCfg = Release|x64
		{4FD9E1AA-88AC-4B51-AC07-84E473D838BA}.Release|x64.Build.0 = Release|x64
		{4FD9E1AA-88AC-4B51-AC07-84E473D838BA}.Release|x86.ActiveCfg = Release|Win32
		{4FD9E1AA-88AC-4B51-AC07-84E473D838BA}.Release|x86.Build.0 = Release|Win32
		{9E790FCF-3B84-4133-9CE2-6FF94E112E16}.Debug|x64.ActiveCfg = Debug|x64
		{9E790FCF-3B84-4133-9CE2-6FF94E112E16}.Debug|x64.Build.0 = Debug|x64
		{9E790FCF-3B84-4133-9CE2-6FF94E112E16}.Debug|x86.ActiveCfg = Debug|Win32
		{9E790FCF-3B84-4133-9CE2-6FF94E112E16}.Debug|x86.Build.0 = Debug|Win32
		{9E790FCF-3B84-4133-9CE2-6FF94E112E16}.Release|x64.ActiveCfg = Release|x64
		{9E790FCF-3B84-4133-9CE2-6FF94E112E16}.Release|x64.Build.0 = Release|x64
		{9E790FCF-3B84-4133-9CE2-6FF94E112E16}.Release|x86.ActiveCfg = Release|Win32
		{9E790FCF-3B84-4133-9CE2-6FF94E112E16}.Release|x86.Build.0 = Release|Win32
		{6FC21A53-0169-4988-ABBB-BAE3227CA247}.Debug|x64.ActiveCfg = Debug|x64
		{6FC21A53-0169-4988-ABBB-BAE3227CA247}.Debug|x64.Build.0 = Debug|x64
		{6FC21A53-0169-4988-ABBB-BAE3227CA247}.Debug|x86.ActiveCfg = Debug|Win32
		{6FC21A53-0169-4988-ABBB-BAE3227CA247}.Debug|x86.Build.0 = Debug|Win32
		{6FC21A53-0169-4988-ABBB-BAE3227CA247}.Release|x64.ActiveCfg = Release|x64
		{6FC21A53-0169-4988-ABBB-BAE3227CA247}.Release|x64.Build.0 = Release|x64
		{6FC21A53-0169-4988-ABBB-BAE3227CA247}.Release|x86.ActiveCfg = Release|Win32
		{6FC21A53-0169-4988-ABBB-BAE3227CA247}.Release|x86.Build.0 = Release|Win32
		{7385CD24-3FD2-4A8A-8E0B-33DB251C224A}.Debug|x64.ActiveCfg = Debug|x64
		{7385CD24-3FD2-4A8A-8E0B-33DB251C224A}.Debug|x64.Build.0 = Debug|x64
		{7385CD24-3FD2-4A8A-8E0B-33DB251C224A}.Debug|x86.ActiveCfg = Debug|Win32
		{7385CD24-3FD2-4A8A-8E0B-33DB251C224A}.Debug|x86.Build.0 = Debug|Win32
		{7385CD24-3FD2-4A8A-8E0B-33DB251C224A}.Release|x64.ActiveCfg = Release|x64
		{7385CD24-3FD2-4A8A-8E0B-33DB251C224A}.Release|x64.Build.0 = Release|x64
		{7385CD24-3FD2-4A8A-8E0B-33DB251C224A}.Release|x86.ActiveCfg = Release|Win32
		{7385CD24-3FD2-4A8A-8E0B-33DB251C224A}.Release|x86.Build.0 = Release|Win32
		{4A457081-A894-4525-84AF-DBB80919097B}.Debug|x64.ActiveCfg = Debug|x64
		{4A457081-A894-4525-84AF-DBB80919097B}.Debug|x64.Build.0 = Debug|x64
		{4A457081-A894-4525-84AF-DBB80919097B}.Debug|x86.ActiveCfg = Debug|Win32
		{4A457081-A894-4525-84AF-DBB80919097B}.Debug|x86.Build.0 = Debug|Win32
		{4A457081-A894-4525-84AF-DBB80919097B}.Release|x64.ActiveCfg = Release|x64
		{4A457081-A894-4525-84AF-DBB80919097B}.Release|x64.Build.0 = Release|x64
		{4A457081-A894-4525-84AF-DBB80919097B}.Release|x86.ActiveCfg = Release|Win32
		{4A457081-A894-4525-84AF-DBB80919097B}.Release|x86.Build.0 = Release|Win32
		{CDA33D97-2FC5-4929-A24F-BA0024D94953}.Debug|x64.ActiveCfg = Debug|x64
		{CDA33D97-2FC5-4929-A24F-BA0024D94953}.Debug|x64.Build.0 = Debug|x64
		{CDA33D97-2FC5-4929-A24F-BA0024D94953}.Debug|x86.ActiveCfg = Debug|Win32
		{CDA33D97-2FC5-4929-A24F-BA0024D94953}.Debug|x86.Build.0 = Debug|Win32
		{CDA33D97-2FC5-4929-A24F-BA0024D94953}.Release|x64.ActiveCfg = Release|x64
		{CDA33D97-2FC5-4929-A24F-BA0024D94953}.Release|x64.Build.0 = Release|x64
		{CDA33D97-2FC5-4929-A24F-BA0024D94953}.Release|x86.ActiveCfg = Release|Win32
		{CDA33D97-2FC5-4929-A24F-BA0024D94953}.Release|x86.Build.0 = Release|Win32
		{B63B1359-0E4F-4F90-A575-AACFD0CAEA73}.Debug|x64.ActiveCfg = Debug|x64
		{B63B1359-0E4F-4F90-A575-AACFD0CAEA73}.Debug|x64.Build.0 = Debug|x64
		{B63B1359-0E4F-4F90-A575-AACFD0CAEA73}.Debug|x86.ActiveCfg = Debug|Win32
		{B63B1359-0E4F-4F90-A575-AACFD0CAEA73}.Debug|x86.Build.0 = Debug|Win32
		{B63B1359-0E4F-4F90-A575-AACFD0CAEA73}.Release|x64.ActiveCfg = Release|x64
		{B63B1359-0E4F-4F90-A575-AACFD0CAEA73}.Release|x64.Build.0 = Release|x64
		{B63B1359-0E4F-4F90-A575-AACFD0CAEA73}.Release|x86.ActiveCfg = Release|Win32
		{B63B1359-0E4F-4F90-A575-AACFD0CAEA73}.Release|x86.Build.0 = Release|Win32
		{1EF8267E-DD6F-446F-8953-0B9245070653}.Debug|x64.ActiveCfg = Debug|x64
		{1EF8267E-DD6F-446F-8953-0B9245070653}.Debug|x64.Build.0 = Debug|x64
		{1EF8267E-DD6F-446F-8953-0B9245070653}.Debug|x86.ActiveCfg = Debug|Win32
		{1EF8267E-DD6F-446F-8953-0B9245070653}.Debug|x86.Build.0 = Debug|Win32
		{1EF8267E-DD6F-446F-8953-0B9245070653}.Release|x64.ActiveCfg = Release|x64
		{1EF8267E-DD6F-446F-8953-0B9245070653}.Release|x64.Build.0 = Release|x64
		{1EF8267E-DD6F-446F-8953-0B9245070653}.Release|x86.ActiveCfg = Release|Win32
		{1EF8267E-DD6F-446F-8953-0B9245070653}.Release|x86.Build.0 = Release|Win32
		{66BF882D-4490-4D10-8987-4D3E44615272}.Debug|x64.ActiveCfg = Debug|x64
		{66BF882D-4490-4D10-8987-4D3E44615272}.Debug|x64.Build.0 = Debug|x64
		{66BF882D-4490-4D10-8987-4D3E44615272}.Debug|x86.ActiveCfg = Debug|Win32
		{66BF882D-4490-4D10-8987-4D3E44615272}.Debug|x86.Build.0 = Debug|Win32
		{66BF882D-4490-4D10-8987-4D3E44615272}.Release|x64.ActiveCfg = Release|x64
		{66BF882D-4490-4D10-8987-4D3E44615272}.Release|x64.Build.0 = Release|x64
		{66BF882D-4490-4D10-8987-4D3E44615272}.Release|x86.ActiveCfg = Release|Win32
		{66BF882D-4490-4D10-8987-4D3E44615272}.Release|x86.Build.0 = Release|Win32
		{B8CC0998-41DB-4CB1-A9C9-3BCFB755D3E1}.Debug|x64.ActiveCfg = Debug|x64
		{B8CC0998-41DB-4CB1-A9C9-3BCFB755D3E1}.Debug|x64.Build.0 = Debug|x64
		{B8CC0998-41DB-4CB1-A9C9-3BCFB755D3E1}.Debug|x86.ActiveCfg = Debug|Win32
		{B8CC0998-41DB-4CB1-A9C9-3BCFB755D3E1}.Debug|x86.Build.0 = Debug|Win32
		{B8CC0998-41DB-4CB1-A9C9-3BCFB755D3E1}.Release|x64.ActiveCfg = Release|x64
		{B8CC0998-41DB-4CB1-A9C9-3BCFB755D3E1}.Release|x64.Build.0 = Release|x64
		{B8CC0998-41DB-4CB1-A9C9-3BCFB755D3E1}.Release|x86.ActiveCfg = Release|Win32
		{B8CC0998-41DB-4CB1-A9C9-3BCFB755D3E1}.Release|x86.Build.0 = Release|Win32
		{85AED38A-1D91-485F-B7EC-53D476B81874}.Debug|x64.ActiveCfg = Debug|x64
		{85AED38A-1D91-485F-B7EC-53D476B81874}.Debug|x64.Build.0 = Debug|x64
		{85AED38A-1D91-485F-B7EC-53D476B81874}.Debug|x86.ActiveCfg = Debug|Win32
		{85AED38A-1D91-485F-B7EC-53D476B81874}.Debug|x86.Build.0 = Debug|Win32
		{85AED38A-1D91-485F-B7EC-53D476B81874}.Release|x64.ActiveCfg = Release|x64
		{85AED38A-1D91-485F-B7EC-53D476B81874}.Release|x64.Build.0 = Release|x64
		{85AED38A-1D91-485F-B7EC-53D476B81874}.Release|x86.ActiveCfg = Release|Win32
		{85AED38A-1D91-485F-B7EC-53D476B81874}.Release|x86.Build.0 = Release|Win32
		{60810B0B-1D70-45EE-A93C-CE23F96F6ABC}.Debug|x64.ActiveCfg = Debug|x64
		{60810B0B-1D70-45EE-A93C-CE23F96F6ABC}.Debug|x64.Build.0 = Debug|x64
		{60810B0B-1D70-45EE-A93C-CE23F96F6ABC}.Debug|x86.ActiveCfg = Debug|Win32
		{60810B0B-1D70-45EE-A93C-CE23F96F6ABC}.Debug|x86.Build.0 = Debug|Win32
		{60810B0B-1D70-45EE-A93C-CE23F96F6ABC}.Release|x64.ActiveCfg = Release|x64
		{60810B0B-1D70-45EE-A93C-CE23F96F6ABC}.Release|x64.Build.0 = Release|x64
		{60810B0B-1D70-45EE-A93C-CE23F96F6ABC}.Release|x86.ActiveCfg = Release|Win32
		{60810B0B-1D70-45EE-A93C-CE23F96F6ABC}.Release|x86.Build.0 = Release|Win32
		{7E4623CD-E6CE-44C4-9F8B-A95AA285AEA6}.Debug|x64.ActiveCfg = Debug|x64
		{7E4623CD-E6CE-44C4-9F8B-A95AA285AEA6}.Debug|x64.Build.0 = Debug|x64
		{7E4623CD-E6CE-44C4-9F8B-A95AA285AEA6}.Debug|x86.ActiveCfg = Debug|Win32
		{7E4623CD-E6CE-44C4-9F8B-A95AA285AEA6}.Debug|x86.Build.0 = Debug|Win32
		{7E4623CD-E6CE-44C4-9F8B-A95AA285AEA6}.Release|x64.ActiveCfg = Release|x64
		{7E4623CD-E6CE-44C4-9F8B-A95AA285AEA6}.Release|x64.Build.0 = Release|x64
		{7E4623CD-E6CE-44C4-9F8B-A95AA285AEA6}.Release|x86.ActiveCfg = Release|Win32
		{7E4623CD-E6CE-44C4-9F8B-A95AA285AEA6}.Release|x86.Build.0 = Release|Win32
		{BA148E64-74C5-40D3-B7B7-110D7720DAB7}.Debug|x64.ActiveCfg = Debug|x64
		{BA148E64-74C5-40D3-B7B7-110D7720DAB7}.Debug|x64.Build.0 = Debug|x64
		{BA148E64-74C5-40D3-B7B7-110D7720DAB7}.Debug|x86.ActiveCfg = Debug|Win32
		{BA148E64-74C5-40D3-B7B7-110D7720DAB7}.Debug|x86.Build.0 = Debug|Win32
		{BA148E64-74C5-40D3-B7B7-110D7720DAB7}.Release|x64.ActiveCfg = Release|x64
		{BA148E64-74C5-40D3-B7B7-110D7720DAB7}.Release|x64.Build.0 = Release|x64
		{BA148E64-74C5-40D3-B7B7-110D7720DAB7}.Release|x86.ActiveCfg = Release|Win32
		{BA148E64-74C5-40D3-B7B7-110D7720DAB7}.Release|x86.Build.0 = Release|Win32
		{EB41A34D-3731-49A5-9C50-25ECEFF74C8F}.Debug|x64.ActiveCfg = Debug|x64
		{EB41A34D-3731-49A5-9C50-25ECEFF74C8F}.Debug|x64.Build.0 = Debug|x64
		{EB41A34D-3731-49A5-9C50-25ECEFF74C8F}.Debug|x86.ActiveCfg = Debug|Win32
		{EB41A34D-3731-49A5-9C50-25ECEFF74C8F}.Debug|x86.Build.0 = Debug|Win32
		{EB41A34D-3731-49A5-9C50-25ECEFF74C8F}.Release|x64.ActiveCfg = Release|x64
		{EB41A34D-3731-49A5-9C50-25ECEFF74C8F}.Release|x64.Build.0 = Release|x64
		{EB41A34D-3731-49A5-9C50-25ECEFF74C8F}.Release|x86.ActiveCfg = Release|Win32
		{EB41A34D-3731-49A5-9C50-25ECEFF74C8F}.Release|x86.Build.0 = Release|Win32
		{9A003439-2362-46D8-B628-8F67439AE8DA}.Debug|x64.ActiveCfg = Debug|x64
		{9A003439-2362-46D8-B628-8F67439AE8DA}.Debug|x64.Build.0 = Debug|x64
		{9A003439-2362-46D8-B628-8F67439AE8DA}.Debug|x86.ActiveCfg = Debug|Win32
		{9A003439-2362-46D8-B628-8F67439AE8DA}.Debug|x86.Build.0 = Debug|Win32
		{9A003439-2362-46D8-B628-8F67439AE8DA}.Release|x64.ActiveCfg = Release|x64
		{9A003439-2362-46D8-B628-8F67439AE8DA}.Release|x64.Build.0 = Release|x64
		{9A003439-2362-46D8-B628-8F67439AE8DA}.Release|x86.ActiveCfg = Release|Win32
		{9A003439-2362-46D8-B628-8F67439AE8DA}.Release|x86.Build.0 = Release|Win32
		{99BA3662-ABD4-460B-BBAE-DD70C7E5943A}.Debug|x64.ActiveCfg = Debug|x64
		{99BA3662-ABD4-460B-BBAE-DD70C7E5943A}.Debug|x64.Build.0 = Debug|x64
		{99BA3662-ABD4-460B-BBAE-DD70C7E5943A}.Debug|x86.ActiveCfg = Debug|Win32
		{99BA3662-ABD4-460B-BBAE-DD70C7E5943A}.Debug|x86.Build.0 = Debug|Win32
		{99BA3662-ABD4-460B-BBAE-DD70C7E5943A}.Release|x64.ActiveCfg = Release|x64
		{99BA3662-ABD4-460B-BBAE-DD70C7E5943A}.Release|x64.Build.0 = Release|x64
		{99BA3662-ABD4-460B-BBAE-DD70C7E5943A}.Release|x86.ActiveCfg = Release|Win32
		{99BA3662-ABD4-460B-BBAE-DD70C7E5943A}.Release|x86.Build.0 = Release|Win32
		{943BAE7E-130C-4DB0-AC27-69BB4D8A0C91}.Debug|x64.ActiveCfg = Debug|x64
		{943BAE7E-130C-4DB0-AC27-69BB4D8A0C91}.Debug|x64.Build.0 = Debug|x64
		{943BAE7E-130C-4DB0-AC27-69BB4D8A0C91}.Debug|x86.ActiveCfg = Debug|Win32
		{943BAE7E-130C-4DB0-AC27-69BB4D8A0C91}.Debug|x86.Build.0 = Debug|Win32
		{943BAE7E-130C-4DB0-AC27-69BB4D8A0C91}.Release|x64.ActiveCfg = Release|x64
		{943BAE7E-130C-4DB0-AC27-69BB4D8A0C91}.Release|x64.Build.0 = Release|x64
		{943BAE7E-130C-4DB0-AC27-69BB4D8A0C91}.Release|x86.ActiveCfg = Release|Win32
		{943BAE7E-130C-4DB0-AC27-69BB4D8A0C91}.Release|x86.Build.0 = Release|Win32
	EndGlobalSection
	GlobalSection(SolutionProperties) = preSolution
		HideSolutionNode = FALSE
	EndGlobalSection
	GlobalSection(NestedProjects) = preSolution
		{4FD9E1AA-88AC-4B51-AC07-84E473D838BA} = {51703E67-0B69-4634-9A4F-B191976FCD17}
		{9E790FCF-3B84-4133-9CE2-6FF94E112E16} = {51703E67-0B69-4634-9A4F-B191976FCD17}
		{6FC21A53-0169-4988-ABBB-BAE3227CA247} = {51703E67-0B69-4634-9A4F-B191976FCD17}
		{A04D63FB-0C26-496C-8A20-C4849DBEFE5F} = {51703E67-0B69-4634-9A4F-B191976FCD17}
		{7385CD24-3FD2-4A8A-8E0B-33DB251C224A} = {A04D63FB-0C26-496C-8A20-C4849DBEFE5F}
		{4A457081-A894-4525-84AF-DBB80919097B} = {51703E67-0B69-4634-9A4F-B191976FCD17}
		{FBA625AA-128F-42A4-BEAC-A6DF4079272B} = {51703E67-0B69-4634-9A4F-B191976FCD17}
		{DB7726B0-7EAD-4D94-87D5-128D4B1BA490} = {FBA625AA-128F-42A4-BEAC-A6DF4079272B}
		{CDA33D97-2FC5-4929-A24F-BA0024D94953} = {DB7726B0-7EAD-4D94-87D5-128D4B1BA490}
		{B63B1359-0E4F-4F90-A575-AACFD0CAEA73} = {DB7726B0-7EAD-4D94-87D5-128D4B1BA490}
		{1EF8267E-DD6F-446F-8953-0B9245070653} = {DB7726B0-7EAD-4D94-87D5-128D4B1BA490}
		{66BF882D-4490-4D10-8987-4D3E44615272} = {DB7726B0-7EAD-4D94-87D5-128D4B1BA490}
		{B8CC0998-41DB-4CB1-A9C9-3BCFB755D3E1} = {DB7726B0-7EAD-4D94-87D5-128D4B1BA490}
		{85AED38A-1D91-485F-B7EC-53D476B81874} = {DB7726B0-7EAD-4D94-87D5-128D4B1BA490}
		{60810B0B-1D70-45EE-A93C-CE23F96F6ABC} = {51703E67-0B69-4634-9A4F-B191976FCD17}
		{77BB6CD8-D869-4B1E-AFEE-A68459706E7A} = {FBA625AA-128F-42A4-BEAC-A6DF4079272B}
		{7E4623CD-E6CE-44C4-9F8B-A95AA285AEA6} = {77BB6CD8-D869-4B1E-AFEE-A68459706E7A}
		{811B06B0-92E3-4E1F-86A3-300FE684E675} = {FBA625AA-128F-42A4-BEAC-A6DF4079272B}
		{BA148E64-74C5-40D3-B7B7-110D7720DAB7} = {811B06B0-92E3-4E1F-86A3-300FE684E675}
		{EB41A34D-3731-49A5-9C50-25ECEFF74C8F} = {811B06B0-92E3-4E1F-86A3-300FE684E675}
		{9A003439-2362-46D8-B628-8F67439AE8DA} = {811B06B0-92E3-4E1F-86A3-300FE684E675}
		{99BA3662-ABD4-460B-BBAE-DD70C7E5943A} = {811B06B0-92E3-4E1F-86A3-300FE684E675}
		{513F43A9-DEA5-4246-83BC-5C285B96773F} = {FBA625AA-128F-42A4-BEAC-A6DF4079272B}
		{943BAE7E-130C-4DB0-AC27-69BB4D8A0C91} = {513F43A9-DEA5-4246-83BC-5C285B96773F}
	EndGlobalSection
	GlobalSection(ExtensibilityGlobals) = postSolution
		SolutionGuid = {9CF02D2C-5A0F-4577-88D7-7C450DB22F44}
	EndGlobalSection
EndGlobal
