
Microsoft Visual Studio Solution File, Format Version 12.00
# Visual Studio Version 17
VisualStudioVersion = 17.0.32112.339
MinimumVisualStudioVersion = 10.0.40219.1
Project("{8BC9CEB8-8B4A-11D0-8D11-00A0C91BC942}") = "HelloWorld", "ProjectKUBSU\ProjectKUBSU.vcxproj", "{7AE0A545-6723-4994-B794-05099D89688A}"
EndProject
Project("{2150E333-8FDC-42A3-9474-1A3956D46DE8}") = "По книге", "По книге", "{51703E67-0B69-4634-9A4F-B191976FCD17}"
EndProject
Project("{8BC9CEB8-8B4A-11D0-8D11-00A0C91BC942}") = "1. Wellcome to C++", "Wellcome to C++\Wellcome to C++.vcxproj", "{4FD9E1AA-88AC-4B51-AC07-84E473D838BA}"
EndProject
Project("{8BC9CEB8-8B4A-11D0-8D11-00A0C91BC942}") = "2. Сложение целых чисел", "Сложение целых чисел\Сложение целых чисел.vcxproj", "{9E790FCF-3B84-4133-9CE2-6FF94E112E16}"
EndProject
Project("{8BC9CEB8-8B4A-11D0-8D11-00A0C91BC942}") = "3. Сравнивание целых чисел с помощью оператора if", "Сравнивание целых чисел с помощью оператора if\Сравнивание целых чисел с помощью оператора if.vcxproj", "{6FC21A53-0169-4988-ABBB-BAE3227CA247}"
EndProject
Project("{2150E333-8FDC-42A3-9474-1A3956D46DE8}") = "GradeBook", "GradeBook", "{A04D63FB-0C26-496C-8A20-C4849DBEFE5F}"
EndProject
Project("{8BC9CEB8-8B4A-11D0-8D11-00A0C91BC942}") = "GradeBook", "GradeBook\GradeBook.vcxproj", "{7385CD24-3FD2-4A8A-8E0B-33DB251C224A}"
EndProject
Global
	GlobalSection(SolutionConfigurationPlatforms) = preSolution
		Debug|x64 = Debug|x64
		Debug|x86 = Debug|x86
		Release|x64 = Release|x64
		Release|x86 = Release|x86
	EndGlobalSection
	GlobalSection(ProjectConfigurationPlatforms) = postSolution
		{7AE0A545-6723-4994-B794-05099D89688A}.Debug|x64.ActiveCfg = Debug|x64
		{7AE0A545-6723-4994-B794-05099D89688A}.Debug|x64.Build.0 = Debug|x64
		{7AE0A545-6723-4994-B794-05099D89688A}.Debug|x86.ActiveCfg = Debug|Win32
		{7AE0A545-6723-4994-B794-05099D89688A}.Debug|x86.Build.0 = Debug|Win32
		{7AE0A545-6723-4994-B794-05099D89688A}.Release|x64.ActiveCfg = Release|x64
		{7AE0A545-6723-4994-B794-05099D89688A}.Release|x64.Build.0 = Release|x64
		{7AE0A545-6723-4994-B794-05099D89688A}.Release|x86.ActiveCfg = Release|Win32
		{7AE0A545-6723-4994-B794-05099D89688A}.Release|x86.Build.0 = Release|Win32
		{4FD9E1AA-88AC-4B51-AC07-84E473D838BA}.Debug|x64.ActiveCfg = Debug|x64
		{4FD9E1AA-88AC-4B51-AC07-84E473D838BA}.Debug|x64.Build.0 = Debug|x64
		{4FD9E1AA-88AC-4B51-AC07-84E473D838BA}.Debug|x86.ActiveCfg = Debug|Win32
		{4FD9E1AA-88AC-4B51-AC07-84E473D838BA}.Debug|x86.Build.0 = Debug|Win32
		{4FD9E1AA-88AC-4B51-AC07-84E473D838BA}.Release|x64.ActiveCfg = Release|x64
		{4FD9E1AA-88AC-4B51-AC07-84E473D838BA}.Release|x64.Build.0 = Release|x64
		{4FD9E1AA-88AC-4B51-AC07-84E473D838BA}.Release|x86.ActiveCfg = Release|Win32
		{4FD9E1AA-88AC-4B51-AC07-84E473D838BA}.Release|x86.Build.0 = Release|Win32
		{9E790FCF-3B84-4133-9CE2-6FF94E112E16}.Debug|x64.ActiveCfg = Debug|x64
		{9E790FCF-3B84-4133-9CE2-6FF94E112E16}.Debug|x64.Build.0 = Debug|x64
		{9E790FCF-3B84-4133-9CE2-6FF94E112E16}.Debug|x86.ActiveCfg = Debug|Win32
		{9E790FCF-3B84-4133-9CE2-6FF94E112E16}.Debug|x86.Build.0 = Debug|Win32
		{9E790FCF-3B84-4133-9CE2-6FF94E112E16}.Release|x64.ActiveCfg = Release|x64
		{9E790FCF-3B84-4133-9CE2-6FF94E112E16}.Release|x64.Build.0 = Release|x64
		{9E790FCF-3B84-4133-9CE2-6FF94E112E16}.Release|x86.ActiveCfg = Release|Win32
		{9E790FCF-3B84-4133-9CE2-6FF94E112E16}.Release|x86.Build.0 = Release|Win32
		{6FC21A53-0169-4988-ABBB-BAE3227CA247}.Debug|x64.ActiveCfg = Debug|x64
		{6FC21A53-0169-4988-ABBB-BAE3227CA247}.Debug|x64.Build.0 = Debug|x64
		{6FC21A53-0169-4988-ABBB-BAE3227CA247}.Debug|x86.ActiveCfg = Debug|Win32
		{6FC21A53-0169-4988-ABBB-BAE3227CA247}.Debug|x86.Build.0 = Debug|Win32
		{6FC21A53-0169-4988-ABBB-BAE3227CA247}.Release|x64.ActiveCfg = Release|x64
		{6FC21A53-0169-4988-ABBB-BAE3227CA247}.Release|x64.Build.0 = Release|x64
		{6FC21A53-0169-4988-ABBB-BAE3227CA247}.Release|x86.ActiveCfg = Release|Win32
		{6FC21A53-0169-4988-ABBB-BAE3227CA247}.Release|x86.Build.0 = Release|Win32
		{7385CD24-3FD2-4A8A-8E0B-33DB251C224A}.Debug|x64.ActiveCfg = Debug|x64
		{7385CD24-3FD2-4A8A-8E0B-33DB251C224A}.Debug|x64.Build.0 = Debug|x64
		{7385CD24-3FD2-4A8A-8E0B-33DB251C224A}.Debug|x86.ActiveCfg = Debug|Win32
		{7385CD24-3FD2-4A8A-8E0B-33DB251C224A}.Debug|x86.Build.0 = Debug|Win32
		{7385CD24-3FD2-4A8A-8E0B-33DB251C224A}.Release|x64.ActiveCfg = Release|x64
		{7385CD24-3FD2-4A8A-8E0B-33DB251C224A}.Release|x64.Build.0 = Release|x64
		{7385CD24-3FD2-4A8A-8E0B-33DB251C224A}.Release|x86.ActiveCfg = Release|Win32
		{7385CD24-3FD2-4A8A-8E0B-33DB251C224A}.Release|x86.Build.0 = Release|Win32
	EndGlobalSection
	GlobalSection(SolutionProperties) = preSolution
		HideSolutionNode = FALSE
	EndGlobalSection
	GlobalSection(NestedProjects) = preSolution
		{4FD9E1AA-88AC-4B51-AC07-84E473D838BA} = {51703E67-0B69-4634-9A4F-B191976FCD17}
		{9E790FCF-3B84-4133-9CE2-6FF94E112E16} = {51703E67-0B69-4634-9A4F-B191976FCD17}
		{6FC21A53-0169-4988-ABBB-BAE3227CA247} = {51703E67-0B69-4634-9A4F-B191976FCD17}
		{A04D63FB-0C26-496C-8A20-C4849DBEFE5F} = {51703E67-0B69-4634-9A4F-B191976FCD17}
		{7385CD24-3FD2-4A8A-8E0B-33DB251C224A} = {A04D63FB-0C26-496C-8A20-C4849DBEFE5F}
	EndGlobalSection
	GlobalSection(ExtensibilityGlobals) = postSolution
		SolutionGuid = {9CF02D2C-5A0F-4577-88D7-7C450DB22F44}
	EndGlobalSection
EndGlobal
